github.com/AndreKR/multiface v0.0.0-20190725194701-b414aa6424a8/go.mod h1:F4/sRjlOnpYMDwGUhf9wFxPeM69ZsJw8q4x8258R6LE=
github.com/BurntSushi/freetype-go v0.0.0-20160129220410-b763ddbfe298/go.mod h1:D+QujdIlUNfa0igpNMk6UIvlb6C252URs4yupRUV4lQ=
github.com/BurntSushi/graphics-go v0.0.0-20160129215708-b43f31a4a966/go.mod h1:Mid70uvE93zn9wgF92A/r5ixgnvX8Lh68fxp9KQBaI0=
github.com/BurntSushi/xgb v0.0.0-20200324125942-20f126ea2843/go.mod h1:IVnqGOEym/WlBOVXweHU+Q+/VP0lqqI8lqeDx9IjBqo=
github.com/BurntSushi/xgbutil v0.0.0-20190907113008-ad855c713046/go.mod h1:uw9h2sd4WWHOPdJ13MQpwK5qYWKYDumDqxWWIknEQ+k=
github.com/IvanMenshykov/MoonPhase v0.0.0-20180124195458-2a9432a62575 h1:tpM+HaT9ie4OP2UYyZesbehvjXgiWNzBTO1uYUabav0=
github.com/IvanMenshykov/MoonPhase v0.0.0-20180124195458-2a9432a62575/go.mod h1:KEFZMBRDCunBlP5n9fXcPt27aXXLsnAq6WUmAl0DA0E=
github.com/RadhiFadlillah/go-prayer v0.0.0-20200904044351-80665274d4b5 h1:O8qJ/h85SCrk4roi/ufPNALC9tURB80ErsatkjbCyEw=
github.com/RadhiFadlillah/go-prayer v0.0.0-20200904044351-80665274d4b5/go.mod h1:Rbe4Ro4JL1q+pDbkKylPlxuSTNSZP1wG3n2A2BkAD6A=
github.com/davecgh/go-spew v1.1.0/go.mod h1:J7Y8YcW2NihsgmVo/mv3lAwl/skON4iLHjSsI+c5H38=
github.com/davecgh/go-spew v1.1.1/go.mod h1:J7Y8YcW2NihsgmVo/mv3lAwl/skON4iLHjSsI+c5H38=
github.com/elliotchance/orderedmap v1.3.0/go.mod h1:8hdSl6jmveQw8ScByd3AaNHNk51RhbTazdqtTty+NFw=
github.com/fhs/gompd v1.0.1 h1:kBcAhjnAPJQAylZXR0TeH+d2vpjawXlTtKYguqNlF4A=
github.com/fhs/gompd v1.0.1/go.mod h1:b219/mNa9PvRqvkUip51b23hGL3iX4d4q3gNXdtrD04=
github.com/gobuffalo/here v0.6.0/go.mod h1:wAG085dHOYqUpf+Ap+WOdrPTp5IYcDAs/x7PLa8Y5fM=
github.com/gobuffalo/here v0.6.2 h1:ZtCqC7F9ou3moLbYfHM1Tj+gwHGgWhjyRjVjsir9BE0=
github.com/gobuffalo/here v0.6.2/go.mod h1:D75Sq0p2BVHdgQu3vCRsXbg85rx943V19urJpqAVWjI=
github.com/golang/freetype v0.0.0-20170609003504-e2365dfdc4a0/go.mod h1:E/TSTwGwJL78qG/PmXZO1EjYhfJinVAhrmmHX6Z8B9k=
github.com/kr/pretty v0.1.0/go.mod h1:dAy3ld7l9f0ibDNOQOHHMYYIIbhfbHSm3C4ZsoJORNo=
github.com/kr/pretty v0.2.0/go.mod h1:ipq/a2n7PKx3OHsz4KJII5eveXtPO4qwEXGdVfWzfnI=
github.com/kr/pty v1.1.1/go.mod h1:pFQYn66WHrOpPYNljwOMqo10TkYh1fy3cYio2l3bCsQ=
github.com/kr/text v0.1.0/go.mod h1:4Jbv+DJW3UT/LiOwJeYQe1efqtUx/iVham/4vfdArNI=
github.com/markbates/pkger v0.17.1 h1:/MKEtWqtc0mZvu9OinB9UzVN9iYCwLWuyUv4Bw+PCno=
github.com/markbates/pkger v0.17.1/go.mod h1:0JoVlrol20BSywW79rN3kdFFsE5xYM+rSCQDXbLhiuI=
github.com/pmezard/go-difflib v1.0.0/go.mod h1:iKH77koFhYxTK1pcRnkKkqfTogsbg7gZNVY4sRDYZ/4=
github.com/rkoesters/xdg v0.0.0-20181125232953-edd15b846f9b/go.mod h1:T1HolqzmdHnJIH6p7A9LDuvYGQgEHx9ijX3vKgDKU60=
github.com/shopspring/decimal v0.0.0-20180709203117-cd690d0c9e24/go.mod h1:M+9NzErvs504Cn4c5DxATwIqPbtswREoFCre64PpcG4=
github.com/shopspring/decimal v1.2.0/go.mod h1:DKyhrW/HYNuLGql+MJL6WCR6knT2jwCFRcu2hWCYk4o=
github.com/stretchr/objx v0.1.0/go.mod h1:HFkY916IF+rwdDfMAkV7OtwuqBVzrE8GR6GFx+wExME=
github.com/stretchr/testify v1.4.0/go.mod h1:j7eGeouHqKxXV5pUuKE4zz7dFj8WfuZ+81PSLYec5m4=
github.com/stretchr/testify v1.5.1/go.mod h1:5W2xD1RspED5o8YsWQXVCued0rvSQ+mT+I5cxcmMvtA=
github.com/zachomedia/go-bdf v0.0.0-20200707041239-4d208bb116e0 h1:HtC3N4T2oHU2JjY/kPMZvinP52mWqRxFJVTg8DfZ8qA=
github.com/zachomedia/go-bdf v0.0.0-20200707041239-4d208bb116e0/go.mod h1:7j8rs/cA4DZNLcIyjSNpeg5kYy0i9Md+bp6t4PnfPPA=
golang.org/x/image v0.0.0-20200927104501-e162460cd6b5 h1:QelT11PB4FXiDEXucrfNckHoFxwt8USGY1ajP1ZF5lM=
golang.org/x/image v0.0.0-20200927104501-e162460cd6b5/go.mod h1:FeLwcggjj3mMvU+oOTbSwawSJRM1uh48EjtB4UJZlP0=
golang.org/x/text v0.3.0/go.mod h1:NqM8EUOU14njkJ3fqMW+pc6Ldnwhi/IjpwHt7yyuwOQ=
gopkg.in/check.v1 v0.0.0-20161208181325-20d25e280405/go.mod h1:Co6ibVJAznAaIkqp8huTwlJQCZ016jof/cbN4VW5Yz0=
gopkg.in/check.v1 v1.0.0-20180628173108-788fd7840127/go.mod h1:Co6ibVJAznAaIkqp8huTwlJQCZ016jof/cbN4VW5Yz0=
gopkg.in/check.v1 v1.0.0-20190902080502-41f04d3bba15/go.mod h1:Co6ibVJAznAaIkqp8huTwlJQCZ016jof/cbN4VW5Yz0=
gopkg.in/yaml.v2 v2.2.2/go.mod h1:hI93XBmqTisBFMUTm0b8Fm+jr3Dg1NNxqwp+5A1VGuI=
gopkg.in/yaml.v2 v2.2.7/go.mod h1:hI93XBmqTisBFMUTm0b8Fm+jr3Dg1NNxqwp+5A1VGuI=
gopkg.in/yaml.v2 v2.2.8/go.mod h1:hI93XBmqTisBFMUTm0b8Fm+jr3Dg1NNxqwp+5A1VGuI=
